{
  "name": "photography-comp-api",
  "version": "0.0.0",
  "lockfileVersion": 3,
  "requires": true,
  "packages": {
    "": {
      "name": "photography-comp-api",
      "version": "0.0.0",
      "dependencies": {
        "@azure/data-tables": "13.3.2",
        "@azure/functions": "^4.5.0",
        "@azure/storage-blob": "12.32.0",
        "heic-convert": "^2.1.0",
        "image-size": "2.0.2",
        "sharp": "^0.35.3"
      },
      "devDependencies": {
        "@types/heic-convert": "^2.1.0",
        "@types/node": "^24.0.0",
        "rimraf": "^6.0.1",
        "typescript": "^5.6.0"
      }
    },
    "node_modules/@azure/abort-controller": {
      "version": "2.2.0",
      "resolved": "https://ms-feed-25.pkgs.visualstudio.com/1es-public/_packaging/npm-public/npm/registry/@azure/abort-controller/-/abort-controller-2.2.0.tgz",
      "integrity": "sha1-k+DoKwGGLn6jtbaZWHGdPz/SyKw=",
      "license": "MIT",
      "dependencies": {
        "tslib": "^2.6.2"
      },
      "engines": {
        "node": ">=22.0.0"
      }
    },
    "node_modules/@azure/core-auth": {
      "version": "1.11.0",
      "resolved": "https://ms-feed-12.pkgs.visualstudio.com/1es-public/_packaging/npm-public/npm/registry/@azure/core-auth/-/core-auth-1.11.0.tgz",
      "integrity": "sha1-Ha7/32LRqHHSK4ZfnzFkpj6h9XU=",
      "license": "MIT",
      "dependencies": {
        "@azure/abort-controller": "^2.1.2",
        "@azure/core-util": "^1.13.0",
        "tslib": "^2.6.2"
      },
      "engines": {
        "node": ">=22.0.0"
      }
    },
    "node_modules/@azure/core-client": {
      "version": "1.11.0",
      "resolved": "https://ms-feed-25.pkgs.visualstudio.com/1es-public/_packaging/npm-public/npm/registry/@azure/core-client/-/core-client-1.11.0.tgz",
      "integrity": "sha1-5z0JrHl33l17QVaWt+1F0/3rZ7A=",
      "license": "MIT",
      "peer": true,
      "dependencies": {
        "@azure/abort-controller": "^2.1.2",
        "@azure/core-auth": "^1.10.0",
        "@azure/core-rest-pipeline": "^1.22.0",
        "@azure/core-tracing": "^1.3.0",
        "@azure/core-util": "^1.13.0",
        "@azure/logger": "^1.3.0",
        "tslib": "^2.6.2"
      },
      "engines": {
        "node": ">=22.0.0"
      }
    },
    "node_modules/@azure/core-http-compat": {
      "version": "2.5.0",
      "resolved": "https://ms-feed-12.pkgs.visualstudio.com/1es-public/_packaging/npm-public/npm/registry/@azure/core-http-compat/-/core-http-compat-2.5.0.tgz",
      "integrity": "sha1-14BmGln4pDL+yyt8b6LVgi3KHeo=",
      "license": "MIT",
      "dependencies": {
        "@azure/abort-controller": "^2.1.2"
      },
      "engines": {
        "node": ">=22.0.0"
      },
      "peerDependencies": {
        "@azure/core-client": "^1.10.0",
        "@azure/core-rest-pipeline": "^1.22.0"
      }
    },
    "node_modules/@azure/core-lro": {
      "version": "2.7.2",
      "resolved": "https://ms-feed-12.pkgs.visualstudio.com/1es-public/_packaging/npm-public/npm/registry/@azure/core-lro/-/core-lro-2.7.2.tgz",
      "integrity": "sha1-eHEFAnog5Fx3ZRqYsBpNOwG3Wgg=",
      "license": "MIT",
      "dependencies": {
        "@azure/abort-controller": "^2.0.0",
        "@azure/core-util": "^1.2.0",
        "@azure/logger": "^1.0.0",
        "tslib": "^2.6.2"
      },
      "engines": {
        "node": ">=18.0.0"
      }
    },
    "node_modules/@azure/core-paging": {
      "version": "1.7.0",
      "resolved": "https://ms-feed-12.pkgs.visualstudio.com/1es-public/_packaging/npm-public/npm/registry/@azure/core-paging/-/core-paging-1.7.0.tgz",
      "integrity": "sha1-WVl6L1Q4ujxsh4n8hw9p4OeFMag=",
      "license": "MIT",
      "dependencies": {
        "tslib": "^2.6.2"
      },
      "engines": {
        "node": ">=22.0.0"
      }
    },
    "node_modules/@azure/core-rest-pipeline": {
      "version": "1.25.0",
      "resolved": "https://ms-feed-12.pkgs.visualstudio.com/1es-public/_packaging/npm-public/npm/registry/@azure/core-rest-pipeline/-/core-rest-pipeline-1.25.0.tgz",
      "integrity": "sha1-kupJEu27H3OV9IKaMAYxF0qoLwg=",
      "license": "MIT",
      "peer": true,
      "dependencies": {
        "@azure/abort-controller": "^2.1.2",
        "@azure/core-auth": "^1.10.0",
        "@azure/core-tracing": "^1.3.0",
        "@azure/core-util": "^1.13.0",
        "@azure/logger": "^1.3.0",
        "@typespec/ts-http-runtime": "^0.3.4",
        "tslib": "^2.6.2"
      },
      "engines": {
        "node": ">=22.0.0"
      }
    },
    "node_modules/@azure/core-tracing": {
      "version": "1.4.0",
      "resolved": "https://ms-feed-12.pkgs.visualstudio.com/1es-public/_packaging/npm-public/npm/registry/@azure/core-tracing/-/core-tracing-1.4.0.tgz",
      "integrity": "sha1-1lenAOJNJW0ZXmKKeV22qMxHXqs=",
      "license": "MIT",
      "dependencies": {
        "tslib": "^2.6.2"
      },
      "engines": {
        "node": ">=22.0.0"
      }
    },
    "node_modules/@azure/core-util": {
      "version": "1.14.0",
      "resolved": "https://ms-feed-12.pkgs.visualstudio.com/1es-public/_packaging/npm-public/npm/registry/@azure/core-util/-/core-util-1.14.0.tgz",
      "integrity": "sha1-fOn+V5WPEy3UIlc4VuWkXHIyuwQ=",
      "license": "MIT",
      "dependencies": {
        "@azure/abort-controller": "^2.1.2",
        "@typespec/ts-http-runtime": "^0.3.0",
        "tslib": "^2.6.2"
      },
      "engines": {
        "node": ">=22.0.0"
      }
    },
    "node_modules/@azure/data-tables": {
      "version": "13.3.2",
      "resolved": "https://ms-feed-12.pkgs.visualstudio.com/1es-public/_packaging/npm-public/npm/registry/@azure/data-tables/-/data-tables-13.3.2.tgz",
      "integrity": "sha1-M1EoyTt8c7+b//PbKRF+x3i0oS0=",
      "license": "MIT",
      "dependencies": {
        "@azure/core-auth": "^1.9.0",
        "@azure/core-client": "^1.9.2",
        "@azure/core-paging": "^1.6.2",
        "@azure/core-rest-pipeline": "^1.19.0",
        "@azure/core-tracing": "^1.2.0",
        "@azure/core-util": "^1.11.0",
        "@azure/core-xml": "^1.4.4",
        "@azure/logger": "^1.1.4",
        "tslib": "^2.8.1"
      },
      "engines": {
        "node": ">=20.0.0"
      }
    },
    "node_modules/@azure/data-tables/node_modules/@azure/core-xml": {
      "version": "1.5.0",
      "resolved": "https://ms-feed-25.pkgs.visualstudio.com/1es-public/_packaging/npm-public/npm/registry/@azure/core-xml/-/core-xml-1.5.0.tgz",
      "integrity": "sha1-zYLVEde8xUjSBvVifDlyTF1aRDQ=",
      "license": "MIT",
      "dependencies": {
        "fast-xml-parser": "^5.0.7",
        "tslib": "^2.8.1"
      },
      "engines": {
        "node": ">=20.0.0"
      }
    },
    "node_modules/@azure/data-tables/node_modules/fast-xml-parser": {
      "version": "5.9.2",
      "resolved": "https://ms-feed-25.pkgs.visualstudio.com/1es-public/_packaging/npm-public/npm/registry/fast-xml-parser/-/fast-xml-parser-5.9.2.tgz",
      "integrity": "sha1-iSAqvE6CO0OEDf4+VorvbsJ1tLk=",
      "funding": [
        {
          "type": "github",
          "url": "https://github.com/sponsors/NaturalIntelligence"
        }
      ],
      "license": "MIT",
      "dependencies": {
        "@nodable/entities": "^2.2.0",
        "fast-xml-builder": "^1.2.0",
        "is-unsafe": "^1.0.1",
        "path-expression-matcher": "^1.5.0",
        "strnum": "^2.4.0",
        "xml-naming": "^0.1.0"
      },
      "bin": {
        "fxparser": "src/cli/cli.js"
      }
    },
    "node_modules/@azure/data-tables/node_modules/is-unsafe": {
      "version": "1.0.1",
      "resolved": "https://ms-feed-2.pkgs.visualstudio.com/1es-public/_packaging/npm-public/npm/registry/is-unsafe/-/is-unsafe-1.0.1.tgz",
      "integrity": "sha1-zom1XewANDZPW+2kHhBIHvqPoxc=",
      "funding": [
        {
          "type": "github",
          "url": "https://github.com/sponsors/NaturalIntelligence"
        }
      ],
      "license": "MIT"
    },
    "node_modules/@azure/data-tables/node_modules/xml-naming": {
      "version": "0.1.0",
      "resolved": "https://ms-feed-12.pkgs.visualstudio.com/1es-public/_packaging/npm-public/npm/registry/xml-naming/-/xml-naming-0.1.0.tgz",
      "integrity": "sha1-ircQbFuNI8qi+rrByt8XE2N5+9g=",
      "funding": [
        {
          "type": "github",
          "url": "https://github.com/sponsors/NaturalIntelligence"
        }
      ],
      "license": "MIT",
      "engines": {
        "node": ">=16.0.0"
      }
    },
    "node_modules/@azure/functions": {
      "version": "4.16.2",
      "resolved": "https://ms-feed-2.pkgs.visualstudio.com/1es-public/_packaging/npm-public/npm/registry/@azure/functions/-/functions-4.16.2.tgz",
      "integrity": "sha1-e/GOBuS1+Ss2i0I8xX/pu2WI788=",
      "license": "MIT",
      "dependencies": {
        "@azure/functions-extensions-base": "0.3.0",
        "cookie": "^0.7.0"
      },
      "engines": {
        "node": ">=20.0"
      }
    },
    "node_modules/@azure/functions-extensions-base": {
      "version": "0.3.0",
      "resolved": "https://ms-feed-12.pkgs.visualstudio.com/1es-public/_packaging/npm-public/npm/registry/@azure/functions-extensions-base/-/functions-extensions-base-0.3.0.tgz",
      "integrity": "sha1-cGLy8GmLtkdwN4+eev+fd8Ukn04=",
      "license": "MIT",
      "engines": {
        "node": ">=18.0"
      }
    },
    "node_modules/@azure/logger": {
      "version": "1.4.0",
      "resolved": "https://ms-feed-25.pkgs.visualstudio.com/1es-public/_packaging/npm-public/npm/registry/@azure/logger/-/logger-1.4.0.tgz",
      "integrity": "sha1-PVpif+WaJ27OdIenndkq1cUIwzk=",
      "license": "MIT",
      "dependencies": {
        "@typespec/ts-http-runtime": "^0.3.0",
        "tslib": "^2.6.2"
      },
      "engines": {
        "node": ">=22.0.0"
      }
    },
    "node_modules/@azure/storage-blob": {
      "version": "12.32.0",
      "resolved": "https://ms-feed-25.pkgs.visualstudio.com/1es-public/_packaging/npm-public/npm/registry/@azure/storage-blob/-/storage-blob-12.32.0.tgz",
      "integrity": "sha1-KVC7/tM+Xb+ZDJEpJM4dTLHUuOs=",
      "license": "MIT",
      "dependencies": {
        "@azure/abort-controller": "^2.1.2",
        "@azure/core-auth": "^1.9.0",
        "@azure/core-client": "^1.9.3",
        "@azure/core-http-compat": "^2.2.0",
        "@azure/core-lro": "^2.2.0",
        "@azure/core-paging": "^1.6.2",
        "@azure/core-rest-pipeline": "^1.19.1",
        "@azure/core-tracing": "^1.2.0",
        "@azure/core-util": "^1.11.0",
        "@azure/core-xml": "^1.4.5",
        "@azure/logger": "^1.1.4",
        "@azure/storage-common": "^12.4.0",
        "events": "^3.0.0",
        "tslib": "^2.8.1"
      },
      "engines": {
        "node": ">=20.0.0"
      }
    },
    "node_modules/@azure/storage-blob/node_modules/@azure/core-xml": {
      "version": "1.5.0",
      "resolved": "https://ms-feed-25.pkgs.visualstudio.com/1es-public/_packaging/npm-public/npm/registry/@azure/core-xml/-/core-xml-1.5.0.tgz",
      "integrity": "sha1-zYLVEde8xUjSBvVifDlyTF1aRDQ=",
      "license": "MIT",
      "dependencies": {
        "fast-xml-parser": "^5.0.7",
        "tslib": "^2.8.1"
      },
      "engines": {
        "node": ">=20.0.0"
      }
    },
    "node_modules/@azure/storage-blob/node_modules/fast-xml-parser": {
      "version": "5.9.2",
      "resolved": "https://ms-feed-25.pkgs.visualstudio.com/1es-public/_packaging/npm-public/npm/registry/fast-xml-parser/-/fast-xml-parser-5.9.2.tgz",
      "integrity": "sha1-iSAqvE6CO0OEDf4+VorvbsJ1tLk=",
      "funding": [
        {
          "type": "github",
          "url": "https://github.com/sponsors/NaturalIntelligence"
        }
      ],
      "license": "MIT",
      "dependencies": {
        "@nodable/entities": "^2.2.0",
        "fast-xml-builder": "^1.2.0",
        "is-unsafe": "^1.0.1",
        "path-expression-matcher": "^1.5.0",
        "strnum": "^2.4.0",
        "xml-naming": "^0.1.0"
      },
      "bin": {
        "fxparser": "src/cli/cli.js"
      }
    },
    "node_modules/@azure/storage-blob/node_modules/is-unsafe": {
      "version": "1.0.1",
      "resolved": "https://ms-feed-2.pkgs.visualstudio.com/1es-public/_packaging/npm-public/npm/registry/is-unsafe/-/is-unsafe-1.0.1.tgz",
      "integrity": "sha1-zom1XewANDZPW+2kHhBIHvqPoxc=",
      "funding": [
        {
          "type": "github",
          "url": "https://github.com/sponsors/NaturalIntelligence"
        }
      ],
      "license": "MIT"
    },
    "node_modules/@azure/storage-blob/node_modules/xml-naming": {
      "version": "0.1.0",
      "resolved": "https://ms-feed-12.pkgs.visualstudio.com/1es-public/_packaging/npm-public/npm/registry/xml-naming/-/xml-naming-0.1.0.tgz",
      "integrity": "sha1-ircQbFuNI8qi+rrByt8XE2N5+9g=",
      "funding": [
        {
          "type": "github",
          "url": "https://github.com/sponsors/NaturalIntelligence"
        }
      ],
      "license": "MIT",
      "engines": {
        "node": ">=16.0.0"
      }
    },
    "node_modules/@azure/storage-common": {
      "version": "12.4.1",
      "resolved": "https://ms-feed-2.pkgs.visualstudio.com/1es-public/_packaging/npm-public/npm/registry/@azure/storage-common/-/storage-common-12.4.1.tgz",
      "integrity": "sha1-eMI6si3QTOJ7E9/omRtFtv3ts0U=",
      "license": "MIT",
      "dependencies": {
        "@azure/abort-controller": "^2.1.2",
        "@azure/core-auth": "^1.9.0",
        "@azure/core-http-compat": "^2.2.0",
        "@azure/core-rest-pipeline": "^1.24.0",
        "@azure/core-tracing": "^1.2.0",
        "@azure/core-util": "^1.11.0",
        "@azure/logger": "^1.1.4",
        "events": "^3.3.0",
        "tslib": "^2.8.1"
      },
      "engines": {
        "node": ">=20.0.0"
      }
    },
    "node_modules/@emnapi/runtime": {
      "version": "1.11.2",
      "resolved": "https://ms-feed-12.pkgs.visualstudio.com/1es-public/_packaging/npm-public/npm/registry/@emnapi/runtime/-/runtime-1.11.2.tgz",
      "integrity": "sha1-6yLwTXb+v99Ph/2v9UyKU/a/Db0=",
      "license": "MIT",
      "optional": true,
      "dependencies": {
        "tslib": "^2.4.0"
      }
    },
    "node_modules/@img/colour": {
      "version": "1.1.0",
      "resolved": "https://ms-feed-12.pkgs.visualstudio.com/1es-public/_packaging/npm-public/npm/registry/@img/colour/-/colour-1.1.0.tgz",
      "integrity": "sha1-sMLC+mYa33Xv/WtJZEl82AAQu50=",
      "license": "MIT",
      "engines": {
        "node": ">=18"
      }
    },
    "node_modules/@img/sharp-darwin-arm64": {
      "version": "0.35.3",
      "resolved": "https://ms-feed-12.pkgs.visualstudio.com/1es-public/_packaging/npm-public/npm/registry/@img/sharp-darwin-arm64/-/sharp-darwin-arm64-0.35.3.tgz",
      "integrity": "sha1-iydAiEvFixJ/wwIEeaASlPoQlcs=",
      "cpu": [
        "arm64"
      ],
      "license": "Apache-2.0",
      "optional": true,
      "os": [
        "darwin"
      ],
      "engines": {
        "node": ">=20.9.0"
      },
      "funding": {
        "url": "https://opencollective.com/libvips"
      },
      "optionalDependencies": {
        "@img/sharp-libvips-darwin-arm64": "1.3.2"
      }
    },
    "node_modules/@img/sharp-darwin-x64": {
      "version": "0.35.3",
      "resolved": "https://ms-feed-12.pkgs.visualstudio.com/1es-public/_packaging/npm-public/npm/registry/@img/sharp-darwin-x64/-/sharp-darwin-x64-0.35.3.tgz",
      "integrity": "sha1-kt+RMg+vV8xUszEYV3DVqT1RAEk=",
      "cpu": [
        "x64"
      ],
      "license": "Apache-2.0",
      "optional": true,
      "os": [
        "darwin"
      ],
      "engines": {
        "node": ">=20.9.0"
      },
      "funding": {
        "url": "https://opencollective.com/libvips"
      },
      "optionalDependencies": {
        "@img/sharp-libvips-darwin-x64": "1.3.2"
      }
    },
    "node_modules/@img/sharp-freebsd-wasm32": {
      "version": "0.35.3",
      "resolved": "https://ms-feed-12.pkgs.visualstudio.com/1es-public/_packaging/npm-public/npm/registry/@img/sharp-freebsd-wasm32/-/sharp-freebsd-wasm32-0.35.3.tgz",
      "integrity": "sha1-SAGME3mo9QfWgdbNjb5D2XldyAk=",
      "license": "Apache-2.0",
      "optional": true,
      "os": [
        "freebsd"
      ],
      "dependencies": {
        "@img/sharp-wasm32": "0.35.3"
      },
      "engines": {
        "node": ">=20.9.0"
      },
      "funding": {
        "url": "https://opencollective.com/libvips"
      }
    },
    "node_modules/@img/sharp-libvips-darwin-arm64": {
      "version": "1.3.2",
      "resolved": "https://ms-feed-12.pkgs.visualstudio.com/1es-public/_packaging/npm-public/npm/registry/@img/sharp-libvips-darwin-arm64/-/sharp-libvips-darwin-arm64-1.3.2.tgz",
      "integrity": "sha1-IntB/8bJlhK86rpW+ZShkz13lXM=",
      "cpu": [
        "arm64"
      ],
      "license": "LGPL-3.0-or-later",
      "optional": true,
      "os": [
        "darwin"
      ],
      "funding": {
        "url": "https://opencollective.com/libvips"
      }
    },
    "node_modules/@img/sharp-libvips-darwin-x64": {
      "version": "1.3.2",
      "resolved": "https://ms-feed-25.pkgs.visualstudio.com/1es-public/_packaging/npm-public/npm/registry/@img/sharp-libvips-darwin-x64/-/sharp-libvips-darwin-x64-1.3.2.tgz",
      "integrity": "sha1-aUkD7EEMAJRc5bDCbayD1xhMi4Y=",
      "cpu": [
        "x64"
      ],
      "license": "LGPL-3.0-or-later",
      "optional": true,
      "os": [
        "darwin"
      ],
      "funding": {
        "url": "https://opencollective.com/libvips"
      }
    },
    "node_modules/@img/sharp-libvips-linux-arm": {
      "version": "1.3.2",
      "resolved": "https://ms-feed-12.pkgs.visualstudio.com/1es-public/_packaging/npm-public/npm/registry/@img/sharp-libvips-linux-arm/-/sharp-libvips-linux-arm-1.3.2.tgz",
      "integrity": "sha1-5g4IjIBr3hrCi+ZItgw0ZfQcGKc=",
      "cpu": [
        "arm"
      ],
      "license": "LGPL-3.0-or-later",
      "optional": true,
      "os": [
        "linux"
      ],
      "funding": {
        "url": "https://opencollective.com/libvips"
      }
    },
    "node_modules/@img/sharp-libvips-linux-arm64": {
      "version": "1.3.2",
      "resolved": "https://ms-feed-2.pkgs.visualstudio.com/1es-public/_packaging/npm-public/npm/registry/@img/sharp-libvips-linux-arm64/-/sharp-libvips-linux-arm64-1.3.2.tgz",
      "integrity": "sha1-Sd3xVnKGZqId7tBxbzu3K7NRF54=",
      "cpu": [
        "arm64"
      ],
      "license": "LGPL-3.0-or-later",
      "optional": true,
      "os": [
        "linux"
      ],
      "funding": {
        "url": "https://opencollective.com/libvips"
      }
    },
    "node_modules/@img/sharp-libvips-linux-ppc64": {
      "version": "1.3.2",
      "resolved": "https://ms-feed-2.pkgs.visualstudio.com/1es-public/_packaging/npm-public/npm/registry/@img/sharp-libvips-linux-ppc64/-/sharp-libvips-linux-ppc64-1.3.2.tgz",
      "integrity": "sha1-vjFhqv1llBez4mN037vNLaK/tiw=",
      "cpu": [
        "ppc64"
      ],
      "license": "LGPL-3.0-or-later",
      "optional": true,
      "os": [
        "linux"
      ],
      "funding": {
        "url": "https://opencollective.com/libvips"
      }
    },
    "node_modules/@img/sharp-libvips-linux-riscv64": {
      "version": "1.3.2",
      "resolved": "https://ms-feed-12.pkgs.visualstudio.com/1es-public/_packaging/npm-public/npm/registry/@img/sharp-libvips-linux-riscv64/-/sharp-libvips-linux-riscv64-1.3.2.tgz",
      "integrity": "sha1-vwCKZ3nZvitWpN9nt1OUH3Z8lX0=",
      "cpu": [
        "riscv64"
      ],
      "license": "LGPL-3.0-or-later",
      "optional": true,
      "os": [
        "linux"
      ],
      "funding": {
        "url": "https://opencollective.com/libvips"
      }
    },
    "node_modules/@img/sharp-libvips-linux-s390x": {
      "version": "1.3.2",
      "resolved": "https://ms-feed-2.pkgs.visualstudio.com/1es-public/_packaging/npm-public/npm/registry/@img/sharp-libvips-linux-s390x/-/sharp-libvips-linux-s390x-1.3.2.tgz",
      "integrity": "sha1-lYOBS421iInIW62eXgt4JSV/85Q=",
      "cpu": [
        "s390x"
      ],
      "license": "LGPL-3.0-or-later",
      "optional": true,
      "os": [
        "linux"
      ],
      "funding": {
        "url": "https://opencollective.com/libvips"
      }
    },
    "node_modules/@img/sharp-libvips-linux-x64": {
      "version": "1.3.2",
      "resolved": "https://ms-feed-25.pkgs.visualstudio.com/1es-public/_packaging/npm-public/npm/registry/@img/sharp-libvips-linux-x64/-/sharp-libvips-linux-x64-1.3.2.tgz",
      "integrity": "sha1-q8mjEUSVtwW6ILfBVoue7NYq67s=",
      "cpu": [
        "x64"
      ],
      "license": "LGPL-3.0-or-later",
      "optional": true,
      "os": [
        "linux"
      ],
      "funding": {
        "url": "https://opencollective.com/libvips"
      }
    },
    "node_modules/@img/sharp-libvips-linuxmusl-arm64": {
      "version": "1.3.2",
      "resolved": "https://ms-feed-12.pkgs.visualstudio.com/1es-public/_packaging/npm-public/npm/registry/@img/sharp-libvips-linuxmusl-arm64/-/sharp-libvips-linuxmusl-arm64-1.3.2.tgz",
      "integrity": "sha1-5Y+xSnh58V2ecKmChw84TzmoMqI=",
      "cpu": [
        "arm64"
      ],
      "license": "LGPL-3.0-or-later",
      "optional": true,
      "os": [
        "linux"
      ],
      "funding": {
        "url": "https://opencollective.com/libvips"
      }
    },
    "node_modules/@img/sharp-libvips-linuxmusl-x64": {
      "version": "1.3.2",
      "resolved": "https://ms-feed-2.pkgs.visualstudio.com/1es-public/_packaging/npm-public/npm/registry/@img/sharp-libvips-linuxmusl-x64/-/sharp-libvips-linuxmusl-x64-1.3.2.tgz",
      "integrity": "sha1-VhFID8t0Zd1TFgRNtTrXqEPtSvg=",
      "cpu": [
        "x64"
      ],
      "license": "LGPL-3.0-or-later",
      "optional": true,
      "os": [
        "linux"
      ],
      "funding": {
        "url": "https://opencollective.com/libvips"
      }
    },
    "node_modules/@img/sharp-linux-arm": {
      "version": "0.35.3",
      "resolved": "https://ms-feed-2.pkgs.visualstudio.com/1es-public/_packaging/npm-public/npm/registry/@img/sharp-linux-arm/-/sharp-linux-arm-0.35.3.tgz",
      "integrity": "sha1-yNpQDEAWiTqJ1G6YMtCKBu73fyc=",
      "cpu": [
        "arm"
      ],
      "license": "Apache-2.0",
      "optional": true,
      "os": [
        "linux"
      ],
      "engines": {
        "node": ">=20.9.0"
      },
      "funding": {
        "url": "https://opencollective.com/libvips"
      },
      "optionalDependencies": {
        "@img/sharp-libvips-linux-arm": "1.3.2"
      }
    },
    "node_modules/@img/sharp-linux-arm64": {
      "version": "0.35.3",
      "resolved": "https://ms-feed-25.pkgs.visualstudio.com/1es-public/_packaging/npm-public/npm/registry/@img/sharp-linux-arm64/-/sharp-linux-arm64-0.35.3.tgz",
      "integrity": "sha1-RLZYI+zJd9RYWzCAcP/zlHJW3gQ=",
      "cpu": [
        "arm64"
      ],
      "license": "Apache-2.0",
      "optional": true,
      "os": [
        "linux"
      ],
      "engines": {
        "node": ">=20.9.0"
      },
      "funding": {
        "url": "https://opencollective.com/libvips"
      },
      "optionalDependencies": {
        "@img/sharp-libvips-linux-arm64": "1.3.2"
      }
    },
    "node_modules/@img/sharp-linux-ppc64": {
      "version": "0.35.3",
      "resolved": "https://ms-feed-2.pkgs.visualstudio.com/1es-public/_packaging/npm-public/npm/registry/@img/sharp-linux-ppc64/-/sharp-linux-ppc64-0.35.3.tgz",
      "integrity": "sha1-6h19uBj1KvHh4FfoLVXyOy3jhkw=",
      "cpu": [
        "ppc64"
      ],
      "license": "Apache-2.0",
      "optional": true,
      "os": [
        "linux"
      ],
      "engines": {
        "node": ">=20.9.0"
      },
      "funding": {
        "url": "https://opencollective.com/libvips"
      },
      "optionalDependencies": {
        "@img/sharp-libvips-linux-ppc64": "1.3.2"
      }
    },
    "node_modules/@img/sharp-linux-riscv64": {
      "version": "0.35.3",
      "resolved": "https://ms-feed-25.pkgs.visualstudio.com/1es-public/_packaging/npm-public/npm/registry/@img/sharp-linux-riscv64/-/sharp-linux-riscv64-0.35.3.tgz",
      "integrity": "sha1-civXmUZYeRsC0QN+oJyly3gDDY0=",
      "cpu": [
        "riscv64"
      ],
      "license": "Apache-2.0",
      "optional": true,
      "os": [
        "linux"
      ],
      "engines": {
        "node": ">=20.9.0"
      },
      "funding": {
        "url": "https://opencollective.com/libvips"
      },
      "optionalDependencies": {
        "@img/sharp-libvips-linux-riscv64": "1.3.2"
      }
    },
    "node_modules/@img/sharp-linux-s390x": {
      "version": "0.35.3",
      "resolved": "https://ms-feed-12.pkgs.visualstudio.com/1es-public/_packaging/npm-public/npm/registry/@img/sharp-linux-s390x/-/sharp-linux-s390x-0.35.3.tgz",
      "integrity": "sha1-6ClIF9faSVVBpKhw9W5rXQ+GQ80=",
      "cpu": [
        "s390x"
      ],
      "license": "Apache-2.0",
      "optional": true,
      "os": [
        "linux"
      ],
      "engines": {
        "node": ">=20.9.0"
      },
      "funding": {
        "url": "https://opencollective.com/libvips"
      },
      "optionalDependencies": {
        "@img/sharp-libvips-linux-s390x": "1.3.2"
      }
    },
    "node_modules/@img/sharp-linux-x64": {
      "version": "0.35.3",
      "resolved": "https://ms-feed-2.pkgs.visualstudio.com/1es-public/_packaging/npm-public/npm/registry/@img/sharp-linux-x64/-/sharp-linux-x64-0.35.3.tgz",
      "integrity": "sha1-mEPDLzmurEtg3WD540FlIKTk3kY=",
      "cpu": [
        "x64"
      ],
      "license": "Apache-2.0",
      "optional": true,
      "os": [
        "linux"
      ],
      "engines": {
        "node": ">=20.9.0"
      },
      "funding": {
        "url": "https://opencollective.com/libvips"
      },
      "optionalDependencies": {
        "@img/sharp-libvips-linux-x64": "1.3.2"
      }
    },
    "node_modules/@img/sharp-linuxmusl-arm64": {
      "version": "0.35.3",
      "resolved": "https://ms-feed-2.pkgs.visualstudio.com/1es-public/_packaging/npm-public/npm/registry/@img/sharp-linuxmusl-arm64/-/sharp-linuxmusl-arm64-0.35.3.tgz",
      "integrity": "sha1-nP7k7MPUGrmidOAZ3+e0BihAUQw=",
      "cpu": [
        "arm64"
      ],
      "license": "Apache-2.0",
      "optional": true,
      "os": [
        "linux"
      ],
      "engines": {
        "node": ">=20.9.0"
      },
      "funding": {
        "url": "https://opencollective.com/libvips"
      },
      "optionalDependencies": {
        "@img/sharp-libvips-linuxmusl-arm64": "1.3.2"
      }
    },
    "node_modules/@img/sharp-linuxmusl-x64": {
      "version": "0.35.3",
      "resolved": "https://ms-feed-25.pkgs.visualstudio.com/1es-public/_packaging/npm-public/npm/registry/@img/sharp-linuxmusl-x64/-/sharp-linuxmusl-x64-0.35.3.tgz",
      "integrity": "sha1-IE0GeMjDsVMA2aJuy5wNzaEcpd4=",
      "cpu": [
        "x64"
      ],
      "license": "Apache-2.0",
      "optional": true,
      "os": [
        "linux"
      ],
      "engines": {
        "node": ">=20.9.0"
      },
      "funding": {
        "url": "https://opencollective.com/libvips"
      },
      "optionalDependencies": {
        "@img/sharp-libvips-linuxmusl-x64": "1.3.2"
      }
    },
    "node_modules/@img/sharp-wasm32": {
      "version": "0.35.3",
      "resolved": "https://ms-feed-25.pkgs.visualstudio.com/1es-public/_packaging/npm-public/npm/registry/@img/sharp-wasm32/-/sharp-wasm32-0.35.3.tgz",
      "integrity": "sha1-QviXm9vhpUGi6bmdO1vgfmtxx8A=",
      "license": "Apache-2.0 AND LGPL-3.0-or-later AND MIT",
      "optional": true,
      "dependencies": {
        "@emnapi/runtime": "^1.11.1"
      },
      "engines": {
        "node": ">=20.9.0"
      },
      "funding": {
        "url": "https://opencollective.com/libvips"
      }
    },
    "node_modules/@img/sharp-webcontainers-wasm32": {
      "version": "0.35.3",
      "resolved": "https://ms-feed-12.pkgs.visualstudio.com/1es-public/_packaging/npm-public/npm/registry/@img/sharp-webcontainers-wasm32/-/sharp-webcontainers-wasm32-0.35.3.tgz",
      "integrity": "sha1-gjqqk9FNuEmZ1bXcln/1bPGWbZ8=",
      "cpu": [
        "wasm32"
      ],
      "license": "Apache-2.0",
      "optional": true,
      "dependencies": {
        "@img/sharp-wasm32": "0.35.3"
      },
      "engines": {
        "node": ">=20.9.0"
      },
      "funding": {
        "url": "https://opencollective.com/libvips"
      }
    },
    "node_modules/@img/sharp-win32-arm64": {
      "version": "0.35.3",
      "resolved": "https://ms-feed-12.pkgs.visualstudio.com/1es-public/_packaging/npm-public/npm/registry/@img/sharp-win32-arm64/-/sharp-win32-arm64-0.35.3.tgz",
      "integrity": "sha1-81VNRcviRTKgrepzbsV2WPdKKRE=",
      "cpu": [
        "arm64"
      ],
      "license": "Apache-2.0 AND LGPL-3.0-or-later",
      "optional": true,
      "os": [
        "win32"
      ],
      "engines": {
        "node": ">=20.9.0"
      },
      "funding": {
        "url": "https://opencollective.com/libvips"
      }
    },
    "node_modules/@img/sharp-win32-ia32": {
      "version": "0.35.3",
      "resolved": "https://ms-feed-12.pkgs.visualstudio.com/1es-public/_packaging/npm-public/npm/registry/@img/sharp-win32-ia32/-/sharp-win32-ia32-0.35.3.tgz",
      "integrity": "sha1-CUKyZDvLV+SEGf5BGd6EB4rgrHQ=",
      "cpu": [
        "ia32"
      ],
      "license": "Apache-2.0 AND LGPL-3.0-or-later",
      "optional": true,
      "os": [
        "win32"
      ],
      "engines": {
        "node": "^20.9.0"
      },
      "funding": {
        "url": "https://opencollective.com/libvips"
      }
    },
    "node_modules/@img/sharp-win32-x64": {
      "version": "0.35.3",
      "resolved": "https://ms-feed-25.pkgs.visualstudio.com/1es-public/_packaging/npm-public/npm/registry/@img/sharp-win32-x64/-/sharp-win32-x64-0.35.3.tgz",
      "integrity": "sha1-iiXKzcdajCYHfAf7pR6AVqrkdPE=",
      "cpu": [
        "x64"
      ],
      "license": "Apache-2.0 AND LGPL-3.0-or-later",
      "optional": true,
      "os": [
        "win32"
      ],
      "engines": {
        "node": ">=20.9.0"
      },
      "funding": {
        "url": "https://opencollective.com/libvips"
      }
    },
    "node_modules/@nodable/entities": {
      "version": "2.2.0",
      "resolved": "https://ms-feed-12.pkgs.visualstudio.com/1es-public/_packaging/npm-public/npm/registry/@nodable/entities/-/entities-2.2.0.tgz",
      "integrity": "sha1-odRamSsCJZGxwrA6d5Nck5N1tkI=",
      "funding": [
        {
          "type": "github",
          "url": "https://github.com/sponsors/nodable"
        }
      ],
      "license": "MIT"
    },
    "node_modules/@types/heic-convert": {
      "version": "2.1.1",
      "resolved": "https://ms-feed-25.pkgs.visualstudio.com/1es-public/_packaging/npm-public/npm/registry/@types/heic-convert/-/heic-convert-2.1.1.tgz",
      "integrity": "sha1-SGOQOY+bDp7hMbP+2FO7ox4QybE=",
      "dev": true,
      "license": "MIT"
    },
    "node_modules/@types/node": {
      "version": "24.13.3",
      "resolved": "https://ms-feed-2.pkgs.visualstudio.com/1es-public/_packaging/npm-public/npm/registry/@types/node/-/node-24.13.3.tgz",
      "integrity": "sha1-SfGL08ZHhm3NpRoHVsFF4UWQzhY=",
      "dev": true,
      "license": "MIT",
      "dependencies": {
        "undici-types": "~7.18.0"
      }
    },
    "node_modules/@typespec/ts-http-runtime": {
      "version": "0.3.7",
      "resolved": "https://ms-feed-2.pkgs.visualstudio.com/1es-public/_packaging/npm-public/npm/registry/@typespec/ts-http-runtime/-/ts-http-runtime-0.3.7.tgz",
      "integrity": "sha1-mrJ1NYmDu9MLyJUM9NxX5kcGcPM=",
      "license": "MIT",
      "dependencies": {
        "http-proxy-agent": "^7.0.0",
        "https-proxy-agent": "^7.0.0",
        "tslib": "^2.6.2"
      },
      "engines": {
        "node": ">=22.0.0"
      }
    },
    "node_modules/agent-base": {
      "version": "7.1.4",
      "resolved": "https://ms-feed-12.pkgs.visualstudio.com/1es-public/_packaging/npm-public/npm/registry/agent-base/-/agent-base-7.1.4.tgz",
      "integrity": "sha1-48121MVI7oldPD/Y3B9sW5Ay56g=",
      "license": "MIT",
      "engines": {
        "node": ">= 14"
      }
    },
    "node_modules/anynum": {
      "version": "1.0.1",
      "resolved": "https://ms-feed-25.pkgs.visualstudio.com/1es-public/_packaging/npm-public/npm/registry/anynum/-/anynum-1.0.1.tgz",
      "integrity": "sha1-KqwA4I3603JsHUYuYNvC+DFlmkQ=",
      "funding": [
        {
          "type": "github",
          "url": "https://github.com/sponsors/NaturalIntelligence"
        }
      ],
      "license": "MIT"
    },
    "node_modules/balanced-match": {
      "version": "4.0.4",
      "resolved": "https://ms-feed-2.pkgs.visualstudio.com/1es-public/_packaging/npm-public/npm/registry/balanced-match/-/balanced-match-4.0.4.tgz",
      "integrity": "sha1-v7EGYv7tgZaixi58aOF3IMJ0F5o=",
      "dev": true,
      "license": "MIT",
      "engines": {
        "node": "18 || 20 || >=22"
      }
    },
    "node_modules/brace-expansion": {
      "version": "5.0.7",
      "resolved": "https://ms-feed-12.pkgs.visualstudio.com/1es-public/_packaging/npm-public/npm/registry/brace-expansion/-/brace-expansion-5.0.7.tgz",
      "integrity": "sha1-Gw5GlltHna1lr3N7SgJ5CgVJgzc=",
      "dev": true,
      "license": "MIT",
      "dependencies": {
        "balanced-match": "^4.0.2"
      },
      "engines": {
        "node": "18 || 20 || >=22"
      }
    },
    "node_modules/cookie": {
      "version": "0.7.2",
      "resolved": "https://ms-feed-12.pkgs.visualstudio.com/1es-public/_packaging/npm-public/npm/registry/cookie/-/cookie-0.7.2.tgz",
      "integrity": "sha1-VWNpxHKiupEPKXmJG1JrNDYjftc=",
      "license": "MIT",
      "engines": {
        "node": ">= 0.6"
      }
    },
    "node_modules/debug": {
      "version": "4.4.3",
      "resolved": "https://ms-feed-2.pkgs.visualstudio.com/1es-public/_packaging/npm-public/npm/registry/debug/-/debug-4.4.3.tgz",
      "integrity": "sha1-xq5DLZvZZiWC/OCHCbA4xY6ePWo=",
      "license": "MIT",
      "dependencies": {
        "ms": "^2.1.3"
      },
      "engines": {
        "node": ">=6.0"
      },
      "peerDependenciesMeta": {
        "supports-color": {
          "optional": true
        }
      }
    },
    "node_modules/detect-libc": {
      "version": "2.1.2",
      "resolved": "https://ms-feed-2.pkgs.visualstudio.com/1es-public/_packaging/npm-public/npm/registry/detect-libc/-/detect-libc-2.1.2.tgz",
      "integrity": "sha1-aJxdzcGQDvVYOky59te0c3QgdK0=",
      "license": "Apache-2.0",
      "engines": {
        "node": ">=8"
      }
    },
    "node_modules/events": {
      "version": "3.3.0",
      "resolved": "https://ms-feed-2.pkgs.visualstudio.com/1es-public/_packaging/npm-public/npm/registry/events/-/events-3.3.0.tgz",
      "integrity": "sha1-Mala0Kkk4tLEGagTrrLE6HjqdAA=",
      "license": "MIT",
      "engines": {
        "node": ">=0.8.x"
      }
    },
    "node_modules/fast-xml-builder": {
      "version": "1.3.0",
      "resolved": "https://ms-feed-12.pkgs.visualstudio.com/1es-public/_packaging/npm-public/npm/registry/fast-xml-builder/-/fast-xml-builder-1.3.0.tgz",
      "integrity": "sha1-vISYBHlv5Hv5FQIt2Tmw/DC6RV0=",
      "funding": [
        {
          "type": "github",
          "url": "https://github.com/sponsors/NaturalIntelligence"
        }
      ],
      "license": "MIT",
      "dependencies": {
        "path-expression-matcher": "^1.6.2",
        "xml-naming": "^0.3.0"
      }
    },
    "node_modules/glob": {
      "version": "13.0.6",
      "resolved": "https://ms-feed-2.pkgs.visualstudio.com/1es-public/_packaging/npm-public/npm/registry/glob/-/glob-13.0.6.tgz",
      "integrity": "sha1-B4ZmVmpCUUfMrPvS4zLetmor5x0=",
      "dev": true,
      "license": "BlueOak-1.0.0",
      "dependencies": {
        "minimatch": "^10.2.2",
        "minipass": "^7.1.3",
        "path-scurry": "^2.0.2"
      },
      "engines": {
        "node": "18 || 20 || >=22"
      },
      "funding": {
        "url": "https://github.com/sponsors/isaacs"
      }
    },
    "node_modules/heic-convert": {
      "version": "2.1.0",
      "resolved": "https://ms-feed-12.pkgs.visualstudio.com/1es-public/_packaging/npm-public/npm/registry/heic-convert/-/heic-convert-2.1.0.tgz",
      "integrity": "sha1-f3ZFKeN1ka4mPvSVgtHQwTSRUm4=",
      "license": "ISC",
      "dependencies": {
        "heic-decode": "^2.0.0",
        "jpeg-js": "^0.4.4",
        "pngjs": "^6.0.0"
      },
      "engines": {
        "node": ">=12.0.0"
      }
    },
    "node_modules/heic-decode": {
      "version": "2.1.0",
      "resolved": "https://ms-feed-12.pkgs.visualstudio.com/1es-public/_packaging/npm-public/npm/registry/heic-decode/-/heic-decode-2.1.0.tgz",
      "integrity": "sha1-9A77LT/6JAJ0jPs7jpV7manPlYQ=",
      "license": "ISC",
      "dependencies": {
        "libheif-js": "^1.19.8"
      },
      "engines": {
        "node": ">=8.0.0"
      }
    },
    "node_modules/http-proxy-agent": {
      "version": "7.0.2",
      "resolved": "https://ms-feed-2.pkgs.visualstudio.com/1es-public/_packaging/npm-public/npm/registry/http-proxy-agent/-/http-proxy-agent-7.0.2.tgz",
      "integrity": "sha1-mosfJGhmwChQlIZYX2K48sGMJw4=",
      "license": "MIT",
      "dependencies": {
        "agent-base": "^7.1.0",
        "debug": "^4.3.4"
      },
      "engines": {
        "node": ">= 14"
      }
    },
    "node_modules/https-proxy-agent": {
      "version": "7.0.6",
      "resolved": "https://ms-feed-25.pkgs.visualstudio.com/1es-public/_packaging/npm-public/npm/registry/https-proxy-agent/-/https-proxy-agent-7.0.6.tgz",
      "integrity": "sha1-2o3+rH2hMLBcK6S1nJts1mYRprk=",
      "license": "MIT",
      "dependencies": {
        "agent-base": "^7.1.2",
        "debug": "4"
      },
      "engines": {
        "node": ">= 14"
      }
    },
    "node_modules/image-size": {
      "version": "2.0.2",
      "resolved": "https://ms-feed-25.pkgs.visualstudio.com/1es-public/_packaging/npm-public/npm/registry/image-size/-/image-size-2.0.2.tgz",
      "integrity": "sha1-hKe0NwTbVzbzZL8NGwKYISmbS9w=",
      "license": "MIT",
      "bin": {
        "image-size": "bin/image-size.js"
      },
      "engines": {
        "node": ">=16.x"
      }
    },
    "node_modules/jpeg-js": {
      "version": "0.4.4",
      "resolved": "https://ms-feed-2.pkgs.visualstudio.com/1es-public/_packaging/npm-public/npm/registry/jpeg-js/-/jpeg-js-0.4.4.tgz",
      "integrity": "sha1-qfHG8fnw+oDNs0hO2WNQVNKJNqo=",
      "license": "BSD-3-Clause"
    },
    "node_modules/libheif-js": {
      "version": "1.19.8",
      "resolved": "https://ms-feed-2.pkgs.visualstudio.com/1es-public/_packaging/npm-public/npm/registry/libheif-js/-/libheif-js-1.19.8.tgz",
      "integrity": "sha1-/L81ce8othmd0FK8TSy3zOVt3wY=",
      "license": "LGPL-3.0",
      "engines": {
        "node": ">=8.0.0"
      }
    },
    "node_modules/lru-cache": {
      "version": "11.5.2",
      "resolved": "https://ms-feed-25.pkgs.visualstudio.com/1es-public/_packaging/npm-public/npm/registry/lru-cache/-/lru-cache-11.5.2.tgz",
      "integrity": "sha1-AOFmZckMYg+6FKPDaHMql2ST92A=",
      "dev": true,
      "license": "BlueOak-1.0.0",
      "engines": {
        "node": "20 || >=22"
      }
    },
    "node_modules/minimatch": {
      "version": "10.2.5",
      "resolved": "https://ms-feed-12.pkgs.visualstudio.com/1es-public/_packaging/npm-public/npm/registry/minimatch/-/minimatch-10.2.5.tgz",
      "integrity": "sha1-vUhoegvjjtKWE5kQVgD4MglYYdE=",
      "dev": true,
      "license": "BlueOak-1.0.0",
      "dependencies": {
        "brace-expansion": "^5.0.5"
      },
      "engines": {
        "node": "18 || 20 || >=22"
      },
      "funding": {
        "url": "https://github.com/sponsors/isaacs"
      }
    },
    "node_modules/minipass": {
      "version": "7.1.3",
      "resolved": "https://ms-feed-12.pkgs.visualstudio.com/1es-public/_packaging/npm-public/npm/registry/minipass/-/minipass-7.1.3.tgz",
      "integrity": "sha1-eTibTrG7LQA6m7qH1JLyvTe9xls=",
      "dev": true,
      "license": "BlueOak-1.0.0",
      "engines": {
        "node": ">=16 || 14 >=14.17"
      }
    },
    "node_modules/ms": {
      "version": "2.1.3",
      "resolved": "https://ms-feed-12.pkgs.visualstudio.com/1es-public/_packaging/npm-public/npm/registry/ms/-/ms-2.1.3.tgz",
      "integrity": "sha1-V0yBOM4dK1hh8LRFedut1gxmFbI=",
      "license": "MIT"
    },
    "node_modules/package-json-from-dist": {
      "version": "1.0.1",
      "resolved": "https://ms-feed-2.pkgs.visualstudio.com/1es-public/_packaging/npm-public/npm/registry/package-json-from-dist/-/package-json-from-dist-1.0.1.tgz",
      "integrity": "sha1-TxRxoBCCeob5TP2bByfjbSZ95QU=",
      "dev": true,
      "license": "BlueOak-1.0.0"
    },
    "node_modules/path-expression-matcher": {
      "version": "1.6.2",
      "resolved": "https://ms-feed-25.pkgs.visualstudio.com/1es-public/_packaging/npm-public/npm/registry/path-expression-matcher/-/path-expression-matcher-1.6.2.tgz",
      "integrity": "sha1-VnxzwHGX6dzvJOkO3NxXEFZZkWg=",
      "funding": [
        {
          "type": "github",
          "url": "https://github.com/sponsors/NaturalIntelligence"
        }
      ],
      "license": "MIT",
      "engines": {
        "node": ">=14.0.0"
      }
    },
    "node_modules/path-scurry": {
      "version": "2.0.2",
      "resolved": "https://ms-feed-12.pkgs.visualstudio.com/1es-public/_packaging/npm-public/npm/registry/path-scurry/-/path-scurry-2.0.2.tgz",
      "integrity": "sha1-a+DQ7gKhDZ4N56mLrmXhgskGH4U=",
      "dev": true,
      "license": "BlueOak-1.0.0",
      "dependencies": {
        "lru-cache": "^11.0.0",
        "minipass": "^7.1.2"
      },
      "engines": {
        "node": "18 || 20 || >=22"
      },
      "funding": {
        "url": "https://github.com/sponsors/isaacs"
      }
    },
    "node_modules/pngjs": {
      "version": "6.0.0",
      "resolved": "https://ms-feed-25.pkgs.visualstudio.com/1es-public/_packaging/npm-public/npm/registry/pngjs/-/pngjs-6.0.0.tgz",
      "integrity": "sha1-yp5dKqSNsCKKUsQZwzCOh3INqCE=",
      "license": "MIT",
      "engines": {
        "node": ">=12.13.0"
      }
    },
    "node_modules/rimraf": {
      "version": "6.1.3",
      "resolved": "https://ms-feed-12.pkgs.visualstudio.com/1es-public/_packaging/npm-public/npm/registry/rimraf/-/rimraf-6.1.3.tgz",
      "integrity": "sha1-r77iNrO9K+Mx1OfORJO6wXGJga8=",
      "dev": true,
      "license": "BlueOak-1.0.0",
      "dependencies": {
        "glob": "^13.0.3",
        "package-json-from-dist": "^1.0.1"
      },
      "bin": {
        "rimraf": "dist/esm/bin.mjs"
      },
      "engines": {
        "node": "20 || >=22"
      },
      "funding": {
        "url": "https://github.com/sponsors/isaacs"
      }
    },
    "node_modules/semver": {
      "version": "7.8.5",
      "resolved": "https://ms-feed-12.pkgs.visualstudio.com/1es-public/_packaging/npm-public/npm/registry/semver/-/semver-7.8.5.tgz",
      "integrity": "sha1-ObZGA33VDBT7RR5+TKxY7YuGP2k=",
      "license": "ISC",
      "bin": {
        "semver": "bin/semver.js"
      },
      "engines": {
        "node": ">=10"
      }
    },
    "node_modules/sharp": {
      "version": "0.35.3",
      "resolved": "https://ms-feed-25.pkgs.visualstudio.com/1es-public/_packaging/npm-public/npm/registry/sharp/-/sharp-0.35.3.tgz",
      "integrity": "sha1-Qe0hpGQGvhY+rNC+ezZLQvzyiF8=",
      "license": "Apache-2.0",
      "dependencies": {
        "@img/colour": "^1.1.0",
        "detect-libc": "^2.1.2",
        "semver": "^7.8.5"
      },
      "engines": {
        "node": ">=20.9.0"
      },
      "funding": {
        "url": "https://opencollective.com/libvips"
      },
      "optionalDependencies": {
        "@img/sharp-darwin-arm64": "0.35.3",
        "@img/sharp-darwin-x64": "0.35.3",
        "@img/sharp-freebsd-wasm32": "0.35.3",
        "@img/sharp-libvips-darwin-arm64": "1.3.2",
        "@img/sharp-libvips-darwin-x64": "1.3.2",
        "@img/sharp-libvips-linux-arm": "1.3.2",
        "@img/sharp-libvips-linux-arm64": "1.3.2",
        "@img/sharp-libvips-linux-ppc64": "1.3.2",
        "@img/sharp-libvips-linux-riscv64": "1.3.2",
        "@img/sharp-libvips-linux-s390x": "1.3.2",
        "@img/sharp-libvips-linux-x64": "1.3.2",
        "@img/sharp-libvips-linuxmusl-arm64": "1.3.2",
        "@img/sharp-libvips-linuxmusl-x64": "1.3.2",
        "@img/sharp-linux-arm": "0.35.3",
        "@img/sharp-linux-arm64": "0.35.3",
        "@img/sharp-linux-ppc64": "0.35.3",
        "@img/sharp-linux-riscv64": "0.35.3",
        "@img/sharp-linux-s390x": "0.35.3",
        "@img/sharp-linux-x64": "0.35.3",
        "@img/sharp-linuxmusl-arm64": "0.35.3",
        "@img/sharp-linuxmusl-x64": "0.35.3",
        "@img/sharp-webcontainers-wasm32": "0.35.3",
        "@img/sharp-win32-arm64": "0.35.3",
        "@img/sharp-win32-ia32": "0.35.3",
        "@img/sharp-win32-x64": "0.35.3"
      },
      "peerDependenciesMeta": {
        "@types/node": {
          "optional": true
        }
      }
    },
    "node_modules/strnum": {
      "version": "2.4.1",
      "resolved": "https://ms-feed-12.pkgs.visualstudio.com/1es-public/_packaging/npm-public/npm/registry/strnum/-/strnum-2.4.1.tgz",
      "integrity": "sha1-hUF/aDETut6g/n4XInZ2+In/flg=",
      "funding": [
        {
          "type": "github",
          "url": "https://github.com/sponsors/NaturalIntelligence"
        }
      ],
      "license": "MIT",
      "dependencies": {
        "anynum": "^1.0.1"
      }
    },
    "node_modules/tslib": {
      "version": "2.8.1",
      "resolved": "https://ms-feed-12.pkgs.visualstudio.com/1es-public/_packaging/npm-public/npm/registry/tslib/-/tslib-2.8.1.tgz",
      "integrity": "sha1-YS7+TtI11Wfoq6Xypfq3AoCt6D8=",
      "license": "0BSD"
    },
    "node_modules/typescript": {
      "version": "5.9.3",
      "resolved": "https://ms-feed-25.pkgs.visualstudio.com/1es-public/_packaging/npm-public/npm/registry/typescript/-/typescript-5.9.3.tgz",
      "integrity": "sha1-W09Z4VMQqxeiFvXWz1PuR27eZw8=",
      "dev": true,
      "license": "Apache-2.0",
      "bin": {
        "tsc": "bin/tsc",
        "tsserver": "bin/tsserver"
      },
      "engines": {
        "node": ">=14.17"
      }
    },
    "node_modules/undici-types": {
      "version": "7.18.2",
      "resolved": "https://ms-feed-25.pkgs.visualstudio.com/1es-public/_packaging/npm-public/npm/registry/undici-types/-/undici-types-7.18.2.tgz",
      "integrity": "sha1-KTV6iee3ykrvO/D9P9DNc4hCKek=",
      "dev": true,
      "license": "MIT"
    },
    "node_modules/xml-naming": {
      "version": "0.3.0",
      "resolved": "https://ms-feed-12.pkgs.visualstudio.com/1es-public/_packaging/npm-public/npm/registry/xml-naming/-/xml-naming-0.3.0.tgz",
      "integrity": "sha1-RsHhi/4oWEeZgt0qzPNNFudJ7aI=",
      "funding": [
        {
          "type": "github",
          "url": "https://github.com/sponsors/NaturalIntelligence"
        }
      ],
      "license": "MIT",
      "engines": {
        "node": ">=16.0.0"
      }
    }
  }
}
